// !$*UTF8*$!
{
	archiveVersion = 1;
	classes = {
	};
	objectVersion = 50;
	objects = {

/* Begin PBXBuildFile section */
		922D8CBA22EF15EF00D03E90 /* AppDelegate.swift in Sources */ = {isa = PBXBuildFile; fileRef = 922D8CB922EF15EF00D03E90 /* AppDelegate.swift */; };
		922D8CBC22EF15EF00D03E90 /* ViewController.swift in Sources */ = {isa = PBXBuildFile; fileRef = 922D8CBB22EF15EF00D03E90 /* ViewController.swift */; };
		922D8CBF22EF15EF00D03E90 /* Main.storyboard in Resources */ = {isa = PBXBuildFile; fileRef = 922D8CBD22EF15EF00D03E90 /* Main.storyboard */; };
		922D8CC122EF15F000D03E90 /* Assets.xcassets in Resources */ = {isa = PBXBuildFile; fileRef = 922D8CC022EF15F000D03E90 /* Assets.xcassets */; };
		922D8CC422EF15F000D03E90 /* LaunchScreen.storyboard in Resources */ = {isa = PBXBuildFile; fileRef = 922D8CC222EF15F000D03E90 /* LaunchScreen.storyboard */; };
		922D8CCC22EF161300D03E90 /* BookCell.swift in Sources */ = {isa = PBXBuildFile; fileRef = 922D8CCB22EF161300D03E90 /* BookCell.swift */; };
		922D8CD122EF191E00D03E90 /* Book.swift in Sources */ = {isa = PBXBuildFile; fileRef = 922D8CD022EF191E00D03E90 /* Book.swift */; };
		922D8CD722F07B8A00D03E90 /* HomeViewController.swift in Sources */ = {isa = PBXBuildFile; fileRef = 922D8CD622F07B8A00D03E90 /* HomeViewController.swift */; };
		922D8CDA22F0854B00D03E90 /* SignInViewController.swift in Sources */ = {isa = PBXBuildFile; fileRef = 922D8CD922F0854B00D03E90 /* SignInViewController.swift */; };
		922D8CDE22F0865600D03E90 /* RegisterUserViewController.swift in Sources */ = {isa = PBXBuildFile; fileRef = 922D8CDD22F0865600D03E90 /* RegisterUserViewController.swift */; };
		B658EEAD74E32B27E2403EF3 /* Pods_LibrarySwiftApp.framework in Frameworks */ = {isa = PBXBuildFile; fileRef = 52B0BCD8FA26866FDBA39CDD /* Pods_LibrarySwiftApp.framework */; };
/* End PBXBuildFile section */

/* Begin PBXFileReference section */
		52B0BCD8FA26866FDBA39CDD /* Pods_LibrarySwiftApp.framework */ = {isa = PBXFileReference; explicitFileType = wrapper.framework; includeInIndex = 0; path = Pods_LibrarySwiftApp.framework; sourceTree = BUILT_PRODUCTS_DIR; };
		922D8CB622EF15EF00D03E90 /* LibrarySwiftApp.app */ = {isa = PBXFileReference; explicitFileType = wrapper.application; includeInIndex = 0; path = LibrarySwiftApp.app; sourceTree = BUILT_PRODUCTS_DIR; };
		922D8CB922EF15EF00D03E90 /* AppDelegate.swift */ = {isa = PBXFileReference; lastKnownFileType = sourcecode.swift; path = AppDelegate.swift; sourceTree = "<group>"; };
		922D8CBB22EF15EF00D03E90 /* ViewController.swift */ = {isa = PBXFileReference; lastKnownFileType = sourcecode.swift; path = ViewController.swift; sourceTree = "<group>"; };
		922D8CBE22EF15EF00D03E90 /* Base */ = {isa = PBXFileReference; lastKnownFileType = file.storyboard; name = Base; path = Base.lproj/Main.storyboard; sourceTree = "<group>"; };
		922D8CC022EF15F000D03E90 /* Assets.xcassets */ = {isa = PBXFileReference; lastKnownFileType = folder.assetcatalog; path = Assets.xcassets; sourceTree = "<group>"; };
		922D8CC322EF15F000D03E90 /* Base */ = {isa = PBXFileReference; lastKnownFileType = file.storyboard; name = Base; path = Base.lproj/LaunchScreen.storyboard; sourceTree = "<group>"; };
		922D8CC522EF15F000D03E90 /* Info.plist */ = {isa = PBXFileReference; lastKnownFileType = text.plist.xml; path = Info.plist; sourceTree = "<group>"; };
		922D8CCB22EF161300D03E90 /* BookCell.swift */ = {isa = PBXFileReference; lastKnownFileType = sourcecode.swift; path = BookCell.swift; sourceTree = "<group>"; };
		922D8CD022EF191E00D03E90 /* Book.swift */ = {isa = PBXFileReference; lastKnownFileType = sourcecode.swift; name = Book.swift; path = ../../../../../../System/Volumes/Data/Users/karyna/Documents/LibrarySwiftApp/LibrarySwiftApp/Model/Book.swift; sourceTree = "<group>"; };
		922D8CD622F07B8A00D03E90 /* HomeViewController.swift */ = {isa = PBXFileReference; lastKnownFileType = sourcecode.swift; path = HomeViewController.swift; sourceTree = "<group>"; };
		922D8CD922F0854B00D03E90 /* SignInViewController.swift */ = {isa = PBXFileReference; lastKnownFileType = sourcecode.swift; path = SignInViewController.swift; sourceTree = "<group>"; };
		922D8CDD22F0865600D03E90 /* RegisterUserViewController.swift */ = {isa = PBXFileReference; lastKnownFileType = sourcecode.swift; path = RegisterUserViewController.swift; sourceTree = "<group>"; };
		DB8B8DD271BF5ED5F2068B22 /* Pods-LibrarySwiftApp.release.xcconfig */ = {isa = PBXFileReference; includeInIndex = 1; lastKnownFileType = text.xcconfig; name = "Pods-LibrarySwiftApp.release.xcconfig"; path = "Target Support Files/Pods-LibrarySwiftApp/Pods-LibrarySwiftApp.release.xcconfig"; sourceTree = "<group>"; };
		E994E9F52C6F3815A407B02B /* Pods-LibrarySwiftApp.debug.xcconfig */ = {isa = PBXFileReference; includeInIndex = 1; lastKnownFileType = text.xcconfig; name = "Pods-LibrarySwiftApp.debug.xcconfig"; path = "Target Support Files/Pods-LibrarySwiftApp/Pods-LibrarySwiftApp.debug.xcconfig"; sourceTree = "<group>"; };
/* End PBXFileReference section */

/* Begin PBXFrameworksBuildPhase section */
		922D8CB322EF15EF00D03E90 /* Frameworks */ = {
			isa = PBXFrameworksBuildPhase;
			buildActionMask = 2147483647;
			files = (
				B658EEAD74E32B27E2403EF3 /* Pods_LibrarySwiftApp.framework in Frameworks */,
			);
			runOnlyForDeploymentPostprocessing = 0;
		};
/* End PBXFrameworksBuildPhase section */

/* Begin PBXGroup section */
		1E5FCA098BA925E459A6299F /* Pods */ = {
			isa = PBXGroup;
			children = (
				E994E9F52C6F3815A407B02B /* Pods-LibrarySwiftApp.debug.xcconfig */,
				DB8B8DD271BF5ED5F2068B22 /* Pods-LibrarySwiftApp.release.xcconfig */,
			);
			name = Pods;
			path = Pods;
			sourceTree = "<group>";
		};
		8CD646EE0C93F4F9C256D8C6 /* Frameworks */ = {
			isa = PBXGroup;
			children = (
				52B0BCD8FA26866FDBA39CDD /* Pods_LibrarySwiftApp.framework */,
			);
			name = Frameworks;
			sourceTree = "<group>";
		};
		922D8CAD22EF15EF00D03E90 = {
			isa = PBXGroup;
			children = (
				922D8CB822EF15EF00D03E90 /* LibrarySwiftApp */,
				922D8CB722EF15EF00D03E90 /* Products */,
				1E5FCA098BA925E459A6299F /* Pods */,
				8CD646EE0C93F4F9C256D8C6 /* Frameworks */,
			);
			sourceTree = "<group>";
		};
		922D8CB722EF15EF00D03E90 /* Products */ = {
			isa = PBXGroup;
			children = (
				922D8CB622EF15EF00D03E90 /* LibrarySwiftApp.app */,
			);
			name = Products;
			sourceTree = "<group>";
		};
		922D8CB822EF15EF00D03E90 /* LibrarySwiftApp */ = {
			isa = PBXGroup;
			children = (
				922D8CD822F0853500D03E90 /* Controller */,
				922D8CCF22EF18F100D03E90 /* Cell */,
				922D8CCE22EF18E800D03E90 /* Model */,
				922D8CB922EF15EF00D03E90 /* AppDelegate.swift */,
				922D8CBD22EF15EF00D03E90 /* Main.storyboard */,
				922D8CC022EF15F000D03E90 /* Assets.xcassets */,
				922D8CC222EF15F000D03E90 /* LaunchScreen.storyboard */,
				922D8CC522EF15F000D03E90 /* Info.plist */,
			);
			path = LibrarySwiftApp;
			sourceTree = "<group>";
		};
		922D8CCE22EF18E800D03E90 /* Model */ = {
			isa = PBXGroup;
			children = (
				922D8CD022EF191E00D03E90 /* Book.swift */,
			);
			path = Model;
			sourceTree = "<group>";
		};
		922D8CCF22EF18F100D03E90 /* Cell */ = {
			isa = PBXGroup;
			children = (
				922D8CCB22EF161300D03E90 /* BookCell.swift */,
			);
			path = Cell;
			sourceTree = "<group>";
		};
		922D8CD822F0853500D03E90 /* Controller */ = {
			isa = PBXGroup;
			children = (
				922D8CBB22EF15EF00D03E90 /* ViewController.swift */,
				922D8CD922F0854B00D03E90 /* SignInViewController.swift */,
				922D8CDD22F0865600D03E90 /* RegisterUserViewController.swift */,
				922D8CD622F07B8A00D03E90 /* HomeViewController.swift */,
			);
			path = Controller;
			sourceTree = "<group>";
		};
/* End PBXGroup section */

/* Begin PBXNativeTarget section */
		922D8CB522EF15EF00D03E90 /* LibrarySwiftApp */ = {
			isa = PBXNativeTarget;
			buildConfigurationList = 922D8CC822EF15F000D03E90 /* Build configuration list for PBXNativeTarget "LibrarySwiftApp" */;
			buildPhases = (
				C6B4FFF8F80C600900FD114E /* [CP] Check Pods Manifest.lock */,
				922D8CB222EF15EF00D03E90 /* Sources */,
				922D8CB322EF15EF00D03E90 /* Frameworks */,
				922D8CB422EF15EF00D03E90 /* Resources */,
				9DE29B1934874DEF54A63D3A /* [CP] Embed Pods Frameworks */,
			);
			buildRules = (
			);
			dependencies = (
			);
			name = LibrarySwiftApp;
			productName = LibrarySwiftApp;
			productReference = 922D8CB622EF15EF00D03E90 /* LibrarySwiftApp.app */;
			productType = "com.apple.product-type.application";
		};
/* End PBXNativeTarget section */

/* Begin PBXProject section */
		922D8CAE22EF15EF00D03E90 /* Project object */ = {
			isa = PBXProject;
			attributes = {
				LastSwiftUpdateCheck = 1020;
				LastUpgradeCheck = 1020;
				ORGANIZATIONNAME = karyna.com;
				TargetAttributes = {
					922D8CB522EF15EF00D03E90 = {
						CreatedOnToolsVersion = 10.2.1;
					};
				};
			};
			buildConfigurationList = 922D8CB122EF15EF00D03E90 /* Build configuration list for PBXProject "LibrarySwiftApp" */;
			compatibilityVersion = "Xcode 9.3";
			developmentRegion = en;
			hasScannedForEncodings = 0;
			knownRegions = (
				en,
				Base,
			);
			mainGroup = 922D8CAD22EF15EF00D03E90;
			productRefGroup = 922D8CB722EF15EF00D03E90 /* Products */;
			projectDirPath = "";
			projectRoot = "";
			targets = (
				922D8CB522EF15EF00D03E90 /* LibrarySwiftApp */,
			);
		};
/* End PBXProject section */

/* Begin PBXResourcesBuildPhase section */
		922D8CB422EF15EF00D03E90 /* Resources */ = {
			isa = PBXResourcesBuildPhase;
			buildActionMask = 2147483647;
			files = (
				922D8CC422EF15F000D03E90 /* LaunchScreen.storyboard in Resources */,
				922D8CC122EF15F000D03E90 /* Assets.xcassets in Resources */,
				922D8CBF22EF15EF00D03E90 /* Main.storyboard in Resources */,
			);
			runOnlyForDeploymentPostprocessing = 0;
		};
/* End PBXResourcesBuildPhase section */

/* Begin PBXShellScriptBuildPhase section */
		9DE29B1934874DEF54A63D3A /* [CP] Embed Pods Frameworks */ = {
			isa = PBXShellScriptBuildPhase;
			buildActionMask = 2147483647;
			files = (
			);
			inputFileListPaths = (
			);
			inputPaths = (
				"${PODS_ROOT}/Target Support Files/Pods-LibrarySwiftApp/Pods-LibrarySwiftApp-frameworks.sh",
				"${BUILT_PRODUCTS_DIR}/SwiftKeychainWrapper/SwiftKeychainWrapper.framework",
			);
			name = "[CP] Embed Pods Frameworks";
			outputFileListPaths = (
			);
			outputPaths = (
				"${TARGET_BUILD_DIR}/${FRAMEWORKS_FOLDER_PATH}/SwiftKeychainWrapper.framework",
			);
			runOnlyForDeploymentPostprocessing = 0;
			shellPath = /bin/sh;
			shellScript = "\"${PODS_ROOT}/Target Support Files/Pods-LibrarySwiftApp/Pods-LibrarySwiftApp-frameworks.sh\"\n";
			showEnvVarsInLog = 0;
		};
		C6B4FFF8F80C600900FD114E /* [CP] Check Pods Manifest.lock */ = {
			isa = PBXShellScriptBuildPhase;
			buildActionMask = 2147483647;
			files = (
			);
			inputFileListPaths = (
			);
			inputPaths = (
				"${PODS_PODFILE_DIR_PATH}/Podfile.lock",
				"${PODS_ROOT}/Manifest.lock",
			);
			name = "[CP] Check Pods Manifest.lock";
			outputFileListPaths = (
			);
			outputPaths = (
				"$(DERIVED_FILE_DIR)/Pods-LibrarySwiftApp-checkManifestLockResult.txt",
			);
			runOnlyForDeploymentPostprocessing = 0;
			shellPath = /bin/sh;
			shellScript = "diff \"${PODS_PODFILE_DIR_PATH}/Podfile.lock\" \"${PODS_ROOT}/Manifest.lock\" > /dev/null\nif [ $? != 0 ] ; then\n    # print error to STDERR\n    echo \"error: The sandbox is not in sync with the Podfile.lock. Run 'pod install' or update your CocoaPods installation.\" >&2\n    exit 1\nfi\n# This output is used by Xcode 'outputs' to avoid re-running this script phase.\necho \"SUCCESS\" > \"${SCRIPT_OUTPUT_FILE_0}\"\n";
			showEnvVarsInLog = 0;
		};
/* End PBXShellScriptBuildPhase section */

/* Begin PBXSourcesBuildPhase section */
		922D8CB222EF15EF00D03E90 /* Sources */ = {
			isa = PBXSourcesBuildPhase;
			buildActionMask = 2147483647;
			files = (
				922D8CD122EF191E00D03E90 /* Book.swift in Sources */,
				922D8CDE22F0865600D03E90 /* RegisterUserViewController.swift in Sources */,
				922D8CCC22EF161300D03E90 /* BookCell.swift in Sources */,
				922D8CBC22EF15EF00D03E90 /* ViewController.swift in Sources */,
				922D8CDA22F0854B00D03E90 /* SignInViewController.swift in Sources */,
				922D8CD722F07B8A00D03E90 /* HomeViewController.swift in Sources */,
				922D8CBA22EF15EF00D03E90 /* AppDelegate.swift in Sources */,
			);
			runOnlyForDeploymentPostprocessing = 0;
		};
/* End PBXSourcesBuildPhase section */

/* Begin PBXVariantGroup section */
		922D8CBD22EF15EF00D03E90 /* Main.storyboard */ = {
			isa = PBXVariantGroup;
			children = (
				922D8CBE22EF15EF00D03E90 /* Base */,
			);
			name = Main.storyboard;
			sourceTree = "<group>";
		};
		922D8CC222EF15F000D03E90 /* LaunchScreen.storyboard */ = {
			isa = PBXVariantGroup;
			children = (
				922D8CC322EF15F000D03E90 /* Base */,
			);
			name = LaunchScreen.storyboard;
			sourceTree = "<group>";
		};
/* End PBXVariantGroup section */

/* Begin XCBuildConfiguration section */
		922D8CC622EF15F000D03E90 /* Debug */ = {
			isa = XCBuildConfiguration;
			buildSettings = {
				ALWAYS_SEARCH_USER_PATHS = NO;
				CLANG_ANALYZER_NONNULL = YES;
				CLANG_ANALYZER_NUMBER_OBJECT_CONVERSION = YES_AGGRESSIVE;
				CLANG_CXX_LANGUAGE_STANDARD = "gnu++14";
				CLANG_CXX_LIBRARY = "libc++";
				CLANG_ENABLE_MODULES = YES;
				CLANG_ENABLE_OBJC_ARC = YES;
				CLANG_ENABLE_OBJC_WEAK = YES;
				CLANG_WARN_BLOCK_CAPTURE_AUTORELEASING = YES;
				CLANG_WARN_BOOL_CONVERSION = YES;
				CLANG_WARN_COMMA = YES;
				CLANG_WARN_CONSTANT_CONVERSION = YES;
				CLANG_WARN_DEPRECATED_OBJC_IMPLEMENTATIONS = YES;
				CLANG_WARN_DIRECT_OBJC_ISA_USAGE = YES_ERROR;
				CLANG_WARN_DOCUMENTATION_COMMENTS = YES;
				CLANG_WARN_EMPTY_BODY = YES;
				CLANG_WARN_ENUM_CONVERSION = YES;
				CLANG_WARN_INFINITE_RECURSION = YES;
				CLANG_WARN_INT_CONVERSION = YES;
				CLANG_WARN_NON_LITERAL_NULL_CONVERSION = YES;
				CLANG_WARN_OBJC_IMPLICIT_RETAIN_SELF = YES;
				CLANG_WARN_OBJC_LITERAL_CONVERSION = YES;
				CLANG_WARN_OBJC_ROOT_CLASS = YES_ERROR;
				CLANG_WARN_RANGE_LOOP_ANALYSIS = YES;
				CLANG_WARN_STRICT_PROTOTYPES = YES;
				CLANG_WARN_SUSPICIOUS_MOVE = YES;
				CLANG_WARN_UNGUARDED_AVAILABILITY = YES_AGGRESSIVE;
				CLANG_WARN_UNREACHABLE_CODE = YES;
				CLANG_WARN__DUPLICATE_METHOD_MATCH = YES;
				CODE_SIGN_IDENTITY = "iPhone Developer";
				COPY_PHASE_STRIP = NO;
				DEBUG_INFORMATION_FORMAT = dwarf;
				ENABLE_STRICT_OBJC_MSGSEND = YES;
				ENABLE_TESTABILITY = YES;
				GCC_C_LANGUAGE_STANDARD = gnu11;
				GCC_DYNAMIC_NO_PIC = NO;
				GCC_NO_COMMON_BLOCKS = YES;
				GCC_OPTIMIZATION_LEVEL = 0;
				GCC_PREPROCESSOR_DEFINITIONS = (
					"DEBUG=1",
					"$(inherited)",
				);
				GCC_WARN_64_TO_32_BIT_CONVERSION = YES;
				GCC_WARN_ABOUT_RETURN_TYPE = YES_ERROR;
				GCC_WARN_UNDECLARED_SELECTOR = YES;
				GCC_WARN_UNINITIALIZED_AUTOS = YES_AGGRESSIVE;
				GCC_WARN_UNUSED_FUNCTION = YES;
				GCC_WARN_UNUSED_VARIABLE = YES;
				IPHONEOS_DEPLOYMENT_TARGET = 12.2;
				MTL_ENABLE_DEBUG_INFO = INCLUDE_SOURCE;
				MTL_FAST_MATH = YES;
				ONLY_ACTIVE_ARCH = YES;
				SDKROOT = iphoneos;
				SWIFT_ACTIVE_COMPILATION_CONDITIONS = DEBUG;
				SWIFT_OPTIMIZATION_LEVEL = "-Onone";
			};
			name = Debug;
		};
		922D8CC722EF15F000D03E90 /* Release */ = {
			isa = XCBuildConfiguration;
			buildSettings = {
				ALWAYS_SEARCH_USER_PATHS = NO;
				CLANG_ANALYZER_NONNULL = YES;
				CLANG_ANALYZER_NUMBER_OBJECT_CONVERSION = YES_AGGRESSIVE;
				CLANG_CXX_LANGUAGE_STANDARD = "gnu++14";
				CLANG_CXX_LIBRARY = "libc++";
				CLANG_ENABLE_MODULES = YES;
				CLANG_ENABLE_OBJC_ARC = YES;
				CLANG_ENABLE_OBJC_WEAK = YES;
				CLANG_WARN_BLOCK_CAPTURE_AUTORELEASING = YES;
				CLANG_WARN_BOOL_CONVERSION = YES;
				CLANG_WARN_COMMA = YES;
				CLANG_WARN_CONSTANT_CONVERSION = YES;
				CLANG_WARN_DEPRECATED_OBJC_IMPLEMENTATIONS = YES;
				CLANG_WARN_DIRECT_OBJC_ISA_USAGE = YES_ERROR;
				CLANG_WARN_DOCUMENTATION_COMMENTS = YES;
				CLANG_WARN_EMPTY_BODY = YES;
				CLANG_WARN_ENUM_CONVERSION = YES;
				CLANG_WARN_INFINITE_RECURSION = YES;
				CLANG_WARN_INT_CONVERSION = YES;
				CLANG_WARN_NON_LITERAL_NULL_CONVERSION = YES;
				CLANG_WARN_OBJC_IMPLICIT_RETAIN_SELF = YES;
				CLANG_WARN_OBJC_LITERAL_CONVERSION = YES;
				CLANG_WARN_OBJC_ROOT_CLASS = YES_ERROR;
				CLANG_WARN_RANGE_LOOP_ANALYSIS = YES;
				CLANG_WARN_STRICT_PROTOTYPES = YES;
				CLANG_WARN_SUSPICIOUS_MOVE = YES;
				CLANG_WARN_UNGUARDED_AVAILABILITY = YES_AGGRESSIVE;
				CLANG_WARN_UNREACHABLE_CODE = YES;
				CLANG_WARN__DUPLICATE_METHOD_MATCH = YES;
				CODE_SIGN_IDENTITY = "iPhone Developer";
				COPY_PHASE_STRIP = NO;
				DEBUG_INFORMATION_FORMAT = "dwarf-with-dsym";
				ENABLE_NS_ASSERTIONS = NO;
				ENABLE_STRICT_OBJC_MSGSEND = YES;
				GCC_C_LANGUAGE_STANDARD = gnu11;
				GCC_NO_COMMON_BLOCKS = YES;
				GCC_WARN_64_TO_32_BIT_CONVERSION = YES;
				GCC_WARN_ABOUT_RETURN_TYPE = YES_ERROR;
				GCC_WARN_UNDECLARED_SELECTOR = YES;
				GCC_WARN_UNINITIALIZED_AUTOS = YES_AGGRESSIVE;
				GCC_WARN_UNUSED_FUNCTION = YES;
				GCC_WARN_UNUSED_VARIABLE = YES;
				IPHONEOS_DEPLOYMENT_TARGET = 12.2;
				MTL_ENABLE_DEBUG_INFO = NO;
				MTL_FAST_MATH = YES;
				SDKROOT = iphoneos;
				SWIFT_COMPILATION_MODE = wholemodule;
				SWIFT_OPTIMIZATION_LEVEL = "-O";
				VALIDATE_PRODUCT = YES;
			};
			name = Release;
		};
		922D8CC922EF15F000D03E90 /* Debug */ = {
			isa = XCBuildConfiguration;
			baseConfigurationReference = E994E9F52C6F3815A407B02B /* Pods-LibrarySwiftApp.debug.xcconfig */;
			buildSettings = {
				ASSETCATALOG_COMPILER_APPICON_NAME = AppIcon;
				CODE_SIGN_STYLE = Automatic;
				DEVELOPMENT_TEAM = P89AACBR8G;
				INFOPLIST_FILE = LibrarySwiftApp/Info.plist;
				LD_RUNPATH_SEARCH_PATHS = (
					"$(inherited)",
					"@executable_path/Frameworks",
				);
				PRODUCT_BUNDLE_IDENTIFIER = karyna.com.LibrarySwiftApp;
				PRODUCT_NAME = "$(TARGET_NAME)";
				SWIFT_VERSION = 5.0;
				TARGETED_DEVICE_FAMILY = "1,2";
			};
			name = Debug;
		};
		922D8CCA22EF15F000D03E90 /* Release */ = {
			isa = XCBuildConfiguration;
			baseConfigurationReference = DB8B8DD271BF5ED5F2068B22 /* Pods-LibrarySwiftApp.release.xcconfig */;
			buildSettings = {
				ASSETCATALOG_COMPILER_APPICON_NAME = AppIcon;
				CODE_SIGN_STYLE = Automatic;
				DEVELOPMENT_TEAM = P89AACBR8G;
				INFOPLIST_FILE = LibrarySwiftApp/Info.plist;
				LD_RUNPATH_SEARCH_PATHS = (
					"$(inherited)",
					"@executable_path/Frameworks",
				);
				PRODUCT_BUNDLE_IDENTIFIER = karyna.com.LibrarySwiftApp;
				PRODUCT_NAME = "$(TARGET_NAME)";
				SWIFT_VERSION = 5.0;
				TARGETED_DEVICE_FAMILY = "1,2";
			};
			name = Release;
		};
/* End XCBuildConfiguration section */

/* Begin XCConfigurationList section */
		922D8CB122EF15EF00D03E90 /* Build configuration list for PBXProject "LibrarySwiftApp" */ = {
			isa = XCConfigurationList;
			buildConfigurations = (
				922D8CC622EF15F000D03E90 /* Debug */,
				922D8CC722EF15F000D03E90 /* Release */,
			);
			defaultConfigurationIsVisible = 0;
			defaultConfigurationName = Release;
		};
		922D8CC822EF15F000D03E90 /* Build configuration list for PBXNativeTarget "LibrarySwiftApp" */ = {
			isa = XCConfigurationList;
			buildConfigurations = (
				922D8CC922EF15F000D03E90 /* Debug */,
				922D8CCA22EF15F000D03E90 /* Release */,
			);
			defaultConfigurationIsVisible = 0;
			defaultConfigurationName = Release;
		};
/* End XCConfigurationList section */
	};
	rootObject = 922D8CAE22EF15EF00D03E90 /* Project object */;
}
